// !$*UTF8*$!
{
	archiveVersion = 1;
	classes = {
	};
	objectVersion = 46;
	objects = {

/* Begin PBXBuildFile section */
		9621A62F1ADE6AE2007BEEB3 /* AppDelegate.swift in Sources */ = {isa = PBXBuildFile; fileRef = 9621A62E1ADE6AE2007BEEB3 /* AppDelegate.swift */; };
		9621A6341ADE6AE2007BEEB3 /* Main.storyboard in Resources */ = {isa = PBXBuildFile; fileRef = 9621A6321ADE6AE2007BEEB3 /* Main.storyboard */; };
		9621A6361ADE6AE2007BEEB3 /* Images.xcassets in Resources */ = {isa = PBXBuildFile; fileRef = 9621A6351ADE6AE2007BEEB3 /* Images.xcassets */; };
		9621A6391ADE6AE2007BEEB3 /* LaunchScreen.xib in Resources */ = {isa = PBXBuildFile; fileRef = 9621A6371ADE6AE2007BEEB3 /* LaunchScreen.xib */; };
		9621A6451ADE6AE2007BEEB3 /* alarm_remote_iosTests.swift in Sources */ = {isa = PBXBuildFile; fileRef = 9621A6441ADE6AE2007BEEB3 /* alarm_remote_iosTests.swift */; };
		9652E6471AE28E1900C7865D /* PKHUD.framework in Frameworks */ = {isa = PBXBuildFile; fileRef = 9652E6461AE28E0C00C7865D /* PKHUD.framework */; };
		96D6E11D1ADF1E9800D529A2 /* AlarmTableViewCell.swift in Sources */ = {isa = PBXBuildFile; fileRef = 96D6E1151ADF1E9800D529A2 /* AlarmTableViewCell.swift */; };
		96D6E11E1ADF1E9800D529A2 /* APIController.swift in Sources */ = {isa = PBXBuildFile; fileRef = 96D6E1161ADF1E9800D529A2 /* APIController.swift */; };
		96D6E11F1ADF1E9800D529A2 /* AuthViewController.swift in Sources */ = {isa = PBXBuildFile; fileRef = 96D6E1171ADF1E9800D529A2 /* AuthViewController.swift */; };
		96D6E1201ADF1E9800D529A2 /* Constants.swift in Sources */ = {isa = PBXBuildFile; fileRef = 96D6E1181ADF1E9800D529A2 /* Constants.swift */; };
		96D6E1211ADF1E9800D529A2 /* Date+Time.swift in Sources */ = {isa = PBXBuildFile; fileRef = 96D6E1191ADF1E9800D529A2 /* Date+Time.swift */; };
		96D6E1221ADF1E9800D529A2 /* EditAlarmTableViewController.swift in Sources */ = {isa = PBXBuildFile; fileRef = 96D6E11A1ADF1E9800D529A2 /* EditAlarmTableViewController.swift */; };
		96D6E1231ADF1E9800D529A2 /* MainViewController.swift in Sources */ = {isa = PBXBuildFile; fileRef = 96D6E11B1ADF1E9800D529A2 /* MainViewController.swift */; };
		96D6E1241ADF1E9800D529A2 /* SelectDeviceTableViewController.swift in Sources */ = {isa = PBXBuildFile; fileRef = 96D6E11C1ADF1E9800D529A2 /* SelectDeviceTableViewController.swift */; };
		96D6E13F1ADF260500D529A2 /* APIController.swift in Sources */ = {isa = PBXBuildFile; fileRef = 96D6E1161ADF1E9800D529A2 /* APIController.swift */; };
		96D6E1401ADF261200D529A2 /* Constants.swift in Sources */ = {isa = PBXBuildFile; fileRef = 96D6E1181ADF1E9800D529A2 /* Constants.swift */; };
/* End PBXBuildFile section */

/* Begin PBXContainerItemProxy section */
		9621A63F1ADE6AE2007BEEB3 /* PBXContainerItemProxy */ = {
			isa = PBXContainerItemProxy;
			containerPortal = 9621A6211ADE6AE2007BEEB3 /* Project object */;
			proxyType = 1;
			remoteGlobalIDString = 9621A6281ADE6AE2007BEEB3;
			remoteInfo = "alarm-remote-ios";
		};
		9652E6431AE28E0C00C7865D /* PBXContainerItemProxy */ = {
			isa = PBXContainerItemProxy;
			containerPortal = 9652E63E1AE28E0C00C7865D /* PKHUD.xcodeproj */;
			proxyType = 2;
			remoteGlobalIDString = F99631FC19514FAC001F73CA;
			remoteInfo = "PKHUD Demo";
		};
		9652E6451AE28E0C00C7865D /* PBXContainerItemProxy */ = {
			isa = PBXContainerItemProxy;
			containerPortal = 9652E63E1AE28E0C00C7865D /* PKHUD.xcodeproj */;
			proxyType = 2;
			remoteGlobalIDString = F996321E19514FD8001F73CA;
			remoteInfo = PKHUD;
		};
		9652E6481AE28E1D00C7865D /* PBXContainerItemProxy */ = {
			isa = PBXContainerItemProxy;
			containerPortal = 9652E63E1AE28E0C00C7865D /* PKHUD.xcodeproj */;
			proxyType = 1;
			remoteGlobalIDString = F996321D19514FD8001F73CA;
			remoteInfo = PKHUD;
		};
/* End PBXContainerItemProxy section */

/* Begin PBXFileReference section */
		9621A6291ADE6AE2007BEEB3 /* alarm-remote-ios.app */ = {isa = PBXFileReference; explicitFileType = wrapper.application; includeInIndex = 0; path = "alarm-remote-ios.app"; sourceTree = BUILT_PRODUCTS_DIR; };
		9621A62D1ADE6AE2007BEEB3 /* Info.plist */ = {isa = PBXFileReference; lastKnownFileType = text.plist.xml; path = Info.plist; sourceTree = "<group>"; };
		9621A62E1ADE6AE2007BEEB3 /* AppDelegate.swift */ = {isa = PBXFileReference; lastKnownFileType = sourcecode.swift; path = AppDelegate.swift; sourceTree = "<group>"; };
		9621A6331ADE6AE2007BEEB3 /* Base */ = {isa = PBXFileReference; lastKnownFileType = file.storyboard; name = Base; path = Base.lproj/Main.storyboard; sourceTree = "<group>"; };
		9621A6351ADE6AE2007BEEB3 /* Images.xcassets */ = {isa = PBXFileReference; lastKnownFileType = folder.assetcatalog; path = Images.xcassets; sourceTree = "<group>"; };
		9621A6381ADE6AE2007BEEB3 /* Base */ = {isa = PBXFileReference; lastKnownFileType = file.xib; name = Base; path = Base.lproj/LaunchScreen.xib; sourceTree = "<group>"; };
		9621A63E1ADE6AE2007BEEB3 /* alarm-remote-iosTests.xctest */ = {isa = PBXFileReference; explicitFileType = wrapper.cfbundle; includeInIndex = 0; path = "alarm-remote-iosTests.xctest"; sourceTree = BUILT_PRODUCTS_DIR; };
		9621A6431ADE6AE2007BEEB3 /* Info.plist */ = {isa = PBXFileReference; lastKnownFileType = text.plist.xml; path = Info.plist; sourceTree = "<group>"; };
		9621A6441ADE6AE2007BEEB3 /* alarm_remote_iosTests.swift */ = {isa = PBXFileReference; lastKnownFileType = sourcecode.swift; path = alarm_remote_iosTests.swift; sourceTree = "<group>"; };
		9652E63E1AE28E0C00C7865D /* PKHUD.xcodeproj */ = {isa = PBXFileReference; lastKnownFileType = "wrapper.pb-project"; name = PKHUD.xcodeproj; path = PKHUD/PKHUD.xcodeproj; sourceTree = "<group>"; };
		96D6E1151ADF1E9800D529A2 /* AlarmTableViewCell.swift */ = {isa = PBXFileReference; fileEncoding = 4; lastKnownFileType = sourcecode.swift; path = AlarmTableViewCell.swift; sourceTree = "<group>"; };
		96D6E1161ADF1E9800D529A2 /* APIController.swift */ = {isa = PBXFileReference; fileEncoding = 4; lastKnownFileType = sourcecode.swift; path = APIController.swift; sourceTree = "<group>"; };
		96D6E1171ADF1E9800D529A2 /* AuthViewController.swift */ = {isa = PBXFileReference; fileEncoding = 4; lastKnownFileType = sourcecode.swift; path = AuthViewController.swift; sourceTree = "<group>"; };
		96D6E1181ADF1E9800D529A2 /* Constants.swift */ = {isa = PBXFileReference; fileEncoding = 4; lastKnownFileType = sourcecode.swift; path = Constants.swift; sourceTree = "<group>"; };
		96D6E1191ADF1E9800D529A2 /* Date+Time.swift */ = {isa = PBXFileReference; fileEncoding = 4; lastKnownFileType = sourcecode.swift; path = "Date+Time.swift"; sourceTree = "<group>"; };
		96D6E11A1ADF1E9800D529A2 /* EditAlarmTableViewController.swift */ = {isa = PBXFileReference; fileEncoding = 4; lastKnownFileType = sourcecode.swift; path = EditAlarmTableViewController.swift; sourceTree = "<group>"; };
		96D6E11B1ADF1E9800D529A2 /* MainViewController.swift */ = {isa = PBXFileReference; fileEncoding = 4; lastKnownFileType = sourcecode.swift; path = MainViewController.swift; sourceTree = "<group>"; };
		96D6E11C1ADF1E9800D529A2 /* SelectDeviceTableViewController.swift */ = {isa = PBXFileReference; fileEncoding = 4; lastKnownFileType = sourcecode.swift; path = SelectDeviceTableViewController.swift; sourceTree = "<group>"; };
/* End PBXFileReference section */

/* Begin PBXFrameworksBuildPhase section */
		9621A6261ADE6AE2007BEEB3 /* Frameworks */ = {
			isa = PBXFrameworksBuildPhase;
			buildActionMask = 2147483647;
			files = (
				9652E6471AE28E1900C7865D /* PKHUD.framework in Frameworks */,
			);
			runOnlyForDeploymentPostprocessing = 0;
		};
		9621A63B1ADE6AE2007BEEB3 /* Frameworks */ = {
			isa = PBXFrameworksBuildPhase;
			buildActionMask = 2147483647;
			files = (
			);
			runOnlyForDeploymentPostprocessing = 0;
		};
/* End PBXFrameworksBuildPhase section */

/* Begin PBXGroup section */
		9621A6201ADE6AE2007BEEB3 = {
			isa = PBXGroup;
			children = (
				9652E63E1AE28E0C00C7865D /* PKHUD.xcodeproj */,
				9621A62B1ADE6AE2007BEEB3 /* alarm-remote-ios */,
				9621A6411ADE6AE2007BEEB3 /* alarm-remote-iosTests */,
				9621A62A1ADE6AE2007BEEB3 /* Products */,
			);
			sourceTree = "<group>";
		};
		9621A62A1ADE6AE2007BEEB3 /* Products */ = {
			isa = PBXGroup;
			children = (
				9621A6291ADE6AE2007BEEB3 /* alarm-remote-ios.app */,
				9621A63E1ADE6AE2007BEEB3 /* alarm-remote-iosTests.xctest */,
			);
			name = Products;
			sourceTree = "<group>";
		};
		9621A62B1ADE6AE2007BEEB3 /* alarm-remote-ios */ = {
			isa = PBXGroup;
			children = (
				96D6E1151ADF1E9800D529A2 /* AlarmTableViewCell.swift */,
				96D6E1161ADF1E9800D529A2 /* APIController.swift */,
				9621A62E1ADE6AE2007BEEB3 /* AppDelegate.swift */,
				96D6E1171ADF1E9800D529A2 /* AuthViewController.swift */,
				96D6E1181ADF1E9800D529A2 /* Constants.swift */,
				96D6E1191ADF1E9800D529A2 /* Date+Time.swift */,
				96D6E11A1ADF1E9800D529A2 /* EditAlarmTableViewController.swift */,
				9621A6351ADE6AE2007BEEB3 /* Images.xcassets */,
				9621A6371ADE6AE2007BEEB3 /* LaunchScreen.xib */,
				9621A6321ADE6AE2007BEEB3 /* Main.storyboard */,
				96D6E11B1ADF1E9800D529A2 /* MainViewController.swift */,
				96D6E11C1ADF1E9800D529A2 /* SelectDeviceTableViewController.swift */,
				9621A62C1ADE6AE2007BEEB3 /* Supporting Files */,
			);
			path = "alarm-remote-ios";
			sourceTree = "<group>";
		};
		9621A62C1ADE6AE2007BEEB3 /* Supporting Files */ = {
			isa = PBXGroup;
			children = (
				9621A62D1ADE6AE2007BEEB3 /* Info.plist */,
			);
			name = "Supporting Files";
			sourceTree = "<group>";
		};
		9621A6411ADE6AE2007BEEB3 /* alarm-remote-iosTests */ = {
			isa = PBXGroup;
			children = (
				9621A6441ADE6AE2007BEEB3 /* alarm_remote_iosTests.swift */,
				9621A6421ADE6AE2007BEEB3 /* Supporting Files */,
			);
			path = "alarm-remote-iosTests";
			sourceTree = "<group>";
		};
		9621A6421ADE6AE2007BEEB3 /* Supporting Files */ = {
			isa = PBXGroup;
			children = (
				9621A6431ADE6AE2007BEEB3 /* Info.plist */,
			);
			name = "Supporting Files";
			sourceTree = "<group>";
		};
		9652E63F1AE28E0C00C7865D /* Products */ = {
			isa = PBXGroup;
			children = (
				9652E6441AE28E0C00C7865D /* PKHUD Demo.app */,
				9652E6461AE28E0C00C7865D /* PKHUD.framework */,
			);
			name = Products;
			sourceTree = "<group>";
		};
/* End PBXGroup section */

/* Begin PBXNativeTarget section */
		9621A6281ADE6AE2007BEEB3 /* alarm-remote-ios */ = {
			isa = PBXNativeTarget;
			buildConfigurationList = 9621A6481ADE6AE2007BEEB3 /* Build configuration list for PBXNativeTarget "alarm-remote-ios" */;
			buildPhases = (
				9621A6251ADE6AE2007BEEB3 /* Sources */,
				9621A6261ADE6AE2007BEEB3 /* Frameworks */,
				9621A6271ADE6AE2007BEEB3 /* Resources */,
			);
			buildRules = (
			);
			dependencies = (
				9652E6491AE28E1D00C7865D /* PBXTargetDependency */,
			);
			name = "alarm-remote-ios";
			productName = "alarm-remote-ios";
			productReference = 9621A6291ADE6AE2007BEEB3 /* alarm-remote-ios.app */;
			productType = "com.apple.product-type.application";
		};
		9621A63D1ADE6AE2007BEEB3 /* alarm-remote-iosTests */ = {
			isa = PBXNativeTarget;
			buildConfigurationList = 9621A64B1ADE6AE2007BEEB3 /* Build configuration list for PBXNativeTarget "alarm-remote-iosTests" */;
			buildPhases = (
				9621A63A1ADE6AE2007BEEB3 /* Sources */,
				9621A63B1ADE6AE2007BEEB3 /* Frameworks */,
				9621A63C1ADE6AE2007BEEB3 /* Resources */,
			);
			buildRules = (
			);
			dependencies = (
				9621A6401ADE6AE2007BEEB3 /* PBXTargetDependency */,
			);
			name = "alarm-remote-iosTests";
			productName = "alarm-remote-iosTests";
			productReference = 9621A63E1ADE6AE2007BEEB3 /* alarm-remote-iosTests.xctest */;
			productType = "com.apple.product-type.bundle.unit-test";
		};
/* End PBXNativeTarget section */

/* Begin PBXProject section */
		9621A6211ADE6AE2007BEEB3 /* Project object */ = {
			isa = PBXProject;
			attributes = {
				LastUpgradeCheck = 0630;
				ORGANIZATIONNAME = "Jason Kusnier";
				TargetAttributes = {
					9621A6281ADE6AE2007BEEB3 = {
						CreatedOnToolsVersion = 6.3;
					};
					9621A63D1ADE6AE2007BEEB3 = {
						CreatedOnToolsVersion = 6.3;
						TestTargetID = 9621A6281ADE6AE2007BEEB3;
					};
				};
			};
			buildConfigurationList = 9621A6241ADE6AE2007BEEB3 /* Build configuration list for PBXProject "alarm-remote-ios" */;
			compatibilityVersion = "Xcode 3.2";
			developmentRegion = English;
			hasScannedForEncodings = 0;
			knownRegions = (
				en,
				Base,
			);
			mainGroup = 9621A6201ADE6AE2007BEEB3;
			productRefGroup = 9621A62A1ADE6AE2007BEEB3 /* Products */;
			projectDirPath = "";
			projectReferences = (
				{
					ProductGroup = 9652E63F1AE28E0C00C7865D /* Products */;
					ProjectRef = 9652E63E1AE28E0C00C7865D /* PKHUD.xcodeproj */;
				},
			);
			projectRoot = "";
			targets = (
				9621A6281ADE6AE2007BEEB3 /* alarm-remote-ios */,
				9621A63D1ADE6AE2007BEEB3 /* alarm-remote-iosTests */,
			);
		};
/* End PBXProject section */

/* Begin PBXReferenceProxy section */
		9652E6441AE28E0C00C7865D /* PKHUD Demo.app */ = {
			isa = PBXReferenceProxy;
			fileType = wrapper.application;
			path = "PKHUD Demo.app";
			remoteRef = 9652E6431AE28E0C00C7865D /* PBXContainerItemProxy */;
			sourceTree = BUILT_PRODUCTS_DIR;
		};
		9652E6461AE28E0C00C7865D /* PKHUD.framework */ = {
			isa = PBXReferenceProxy;
			fileType = wrapper.framework;
			path = PKHUD.framework;
			remoteRef = 9652E6451AE28E0C00C7865D /* PBXContainerItemProxy */;
			sourceTree = BUILT_PRODUCTS_DIR;
		};
/* End PBXReferenceProxy section */

/* Begin PBXResourcesBuildPhase section */
		9621A6271ADE6AE2007BEEB3 /* Resources */ = {
			isa = PBXResourcesBuildPhase;
			buildActionMask = 2147483647;
			files = (
				9621A6341ADE6AE2007BEEB3 /* Main.storyboard in Resources */,
				9621A6391ADE6AE2007BEEB3 /* LaunchScreen.xib in Resources */,
				9621A6361ADE6AE2007BEEB3 /* Images.xcassets in Resources */,
			);
			runOnlyForDeploymentPostprocessing = 0;
		};
		9621A63C1ADE6AE2007BEEB3 /* Resources */ = {
			isa = PBXResourcesBuildPhase;
			buildActionMask = 2147483647;
			files = (
			);
			runOnlyForDeploymentPostprocessing = 0;
		};
/* End PBXResourcesBuildPhase section */

/* Begin PBXSourcesBuildPhase section */
		9621A6251ADE6AE2007BEEB3 /* Sources */ = {
			isa = PBXSourcesBuildPhase;
			buildActionMask = 2147483647;
			files = (
				96D6E1211ADF1E9800D529A2 /* Date+Time.swift in Sources */,
				96D6E11E1ADF1E9800D529A2 /* APIController.swift in Sources */,
				96D6E1241ADF1E9800D529A2 /* SelectDeviceTableViewController.swift in Sources */,
				96D6E1221ADF1E9800D529A2 /* EditAlarmTableViewController.swift in Sources */,
				96D6E11F1ADF1E9800D529A2 /* AuthViewController.swift in Sources */,
				9621A62F1ADE6AE2007BEEB3 /* AppDelegate.swift in Sources */,
				96D6E1231ADF1E9800D529A2 /* MainViewController.swift in Sources */,
				96D6E11D1ADF1E9800D529A2 /* AlarmTableViewCell.swift in Sources */,
				96D6E1201ADF1E9800D529A2 /* Constants.swift in Sources */,
			);
			runOnlyForDeploymentPostprocessing = 0;
		};
		9621A63A1ADE6AE2007BEEB3 /* Sources */ = {
			isa = PBXSourcesBuildPhase;
			buildActionMask = 2147483647;
			files = (
				96D6E13F1ADF260500D529A2 /* APIController.swift in Sources */,
				9621A6451ADE6AE2007BEEB3 /* alarm_remote_iosTests.swift in Sources */,
				96D6E1401ADF261200D529A2 /* Constants.swift in Sources */,
			);
			runOnlyForDeploymentPostprocessing = 0;
		};
/* End PBXSourcesBuildPhase section */

/* Begin PBXTargetDependency section */
		9621A6401ADE6AE2007BEEB3 /* PBXTargetDependency */ = {
			isa = PBXTargetDependency;
			target = 9621A6281ADE6AE2007BEEB3 /* alarm-remote-ios */;
			targetProxy = 9621A63F1ADE6AE2007BEEB3 /* PBXContainerItemProxy */;
		};
		9652E6491AE28E1D00C7865D /* PBXTargetDependency */ = {
			isa = PBXTargetDependency;
			name = PKHUD;
			targetProxy = 9652E6481AE28E1D00C7865D /* PBXContainerItemProxy */;
		};
/* End PBXTargetDependency section */

/* Begin PBXVariantGroup section */
		9621A6321ADE6AE2007BEEB3 /* Main.storyboard */ = {
			isa = PBXVariantGroup;
			children = (
				9621A6331ADE6AE2007BEEB3 /* Base */,
			);
			name = Main.storyboard;
			sourceTree = "<group>";
		};
		9621A6371ADE6AE2007BEEB3 /* LaunchScreen.xib */ = {
			isa = PBXVariantGroup;
			children = (
				9621A6381ADE6AE2007BEEB3 /* Base */,
			);
			name = LaunchScreen.xib;
			sourceTree = "<group>";
		};
/* End PBXVariantGroup section */

/* Begin XCBuildConfiguration section */
		9621A6461ADE6AE2007BEEB3 /* Debug */ = {
			isa = XCBuildConfiguration;
			buildSettings = {
				ALWAYS_SEARCH_USER_PATHS = NO;
				CLANG_CXX_LANGUAGE_STANDARD = "gnu++0x";
				CLANG_CXX_LIBRARY = "libc++";
				CLANG_ENABLE_MODULES = YES;
				CLANG_ENABLE_OBJC_ARC = YES;
				CLANG_WARN_BOOL_CONVERSION = YES;
				CLANG_WARN_CONSTANT_CONVERSION = YES;
				CLANG_WARN_DIRECT_OBJC_ISA_USAGE = YES_ERROR;
				CLANG_WARN_EMPTY_BODY = YES;
				CLANG_WARN_ENUM_CONVERSION = YES;
				CLANG_WARN_INT_CONVERSION = YES;
				CLANG_WARN_OBJC_ROOT_CLASS = YES_ERROR;
				CLANG_WARN_UNREACHABLE_CODE = YES;
				CLANG_WARN__DUPLICATE_METHOD_MATCH = YES;
				"CODE_SIGN_IDENTITY[sdk=iphoneos*]" = "iPhone Developer";
				COPY_PHASE_STRIP = NO;
				DEBUG_INFORMATION_FORMAT = "dwarf-with-dsym";
				ENABLE_STRICT_OBJC_MSGSEND = YES;
				GCC_C_LANGUAGE_STANDARD = gnu99;
				GCC_DYNAMIC_NO_PIC = NO;
				GCC_NO_COMMON_BLOCKS = YES;
				GCC_OPTIMIZATION_LEVEL = 0;
				GCC_PREPROCESSOR_DEFINITIONS = (
					"DEBUG=1",
					"$(inherited)",
				);
				GCC_SYMBOLS_PRIVATE_EXTERN = NO;
				GCC_WARN_64_TO_32_BIT_CONVERSION = YES;
				GCC_WARN_ABOUT_RETURN_TYPE = YES_ERROR;
				GCC_WARN_UNDECLARED_SELECTOR = YES;
				GCC_WARN_UNINITIALIZED_AUTOS = YES_AGGRESSIVE;
				GCC_WARN_UNUSED_FUNCTION = YES;
				GCC_WARN_UNUSED_VARIABLE = YES;
				IPHONEOS_DEPLOYMENT_TARGET = 8.3;
				MTL_ENABLE_DEBUG_INFO = YES;
				ONLY_ACTIVE_ARCH = YES;
				SDKROOT = iphoneos;
				SWIFT_OPTIMIZATION_LEVEL = "-Onone";
				TARGETED_DEVICE_FAMILY = "1,2";
			};
			name = Debug;
		};
		9621A6471ADE6AE2007BEEB3 /* Release */ = {
			isa = XCBuildConfiguration;
			buildSettings = {
				ALWAYS_SEARCH_USER_PATHS = NO;
				CLANG_CXX_LANGUAGE_STANDARD = "gnu++0x";
				CLANG_CXX_LIBRARY = "libc++";
				CLANG_ENABLE_MODULES = YES;
				CLANG_ENABLE_OBJC_ARC = YES;
				CLANG_WARN_BOOL_CONVERSION = YES;
				CLANG_WARN_CONSTANT_CONVERSION = YES;
				CLANG_WARN_DIRECT_OBJC_ISA_USAGE = YES_ERROR;
				CLANG_WARN_EMPTY_BODY = YES;
				CLANG_WARN_ENUM_CONVERSION = YES;
				CLANG_WARN_INT_CONVERSION = YES;
				CLANG_WARN_OBJC_ROOT_CLASS = YES_ERROR;
				CLANG_WARN_UNREACHABLE_CODE = YES;
				CLANG_WARN__DUPLICATE_METHOD_MATCH = YES;
				"CODE_SIGN_IDENTITY[sdk=iphoneos*]" = "iPhone Developer";
				COPY_PHASE_STRIP = NO;
				DEBUG_INFORMATION_FORMAT = "dwarf-with-dsym";
				ENABLE_NS_ASSERTIONS = NO;
				ENABLE_STRICT_OBJC_MSGSEND = YES;
				GCC_C_LANGUAGE_STANDARD = gnu99;
				GCC_NO_COMMON_BLOCKS = YES;
				GCC_WARN_64_TO_32_BIT_CONVERSION = YES;
				GCC_WARN_ABOUT_RETURN_TYPE = YES_ERROR;
				GCC_WARN_UNDECLARED_SELECTOR = YES;
				GCC_WARN_UNINITIALIZED_AUTOS = YES_AGGRESSIVE;
				GCC_WARN_UNUSED_FUNCTION = YES;
				GCC_WARN_UNUSED_VARIABLE = YES;
				IPHONEOS_DEPLOYMENT_TARGET = 8.3;
				MTL_ENABLE_DEBUG_INFO = NO;
				SDKROOT = iphoneos;
				TARGETED_DEVICE_FAMILY = "1,2";
				VALIDATE_PRODUCT = YES;
			};
			name = Release;
		};
		9621A6491ADE6AE2007BEEB3 /* Debug */ = {
			isa = XCBuildConfiguration;
			buildSettings = {
				ASSETCATALOG_COMPILER_APPICON_NAME = AppIcon;
				INFOPLIST_FILE = "alarm-remote-ios/Info.plist";
				LD_RUNPATH_SEARCH_PATHS = "$(inherited) @executable_path/Frameworks";
				PRODUCT_NAME = "$(TARGET_NAME)";
			};
			name = Debug;
		};
		9621A64A1ADE6AE2007BEEB3 /* Release */ = {
			isa = XCBuildConfiguration;
			buildSettings = {
				ASSETCATALOG_COMPILER_APPICON_NAME = AppIcon;
				INFOPLIST_FILE = "alarm-remote-ios/Info.plist";
				LD_RUNPATH_SEARCH_PATHS = "$(inherited) @executable_path/Frameworks";
				PRODUCT_NAME = "$(TARGET_NAME)";
			};
			name = Release;
		};
		9621A64C1ADE6AE2007BEEB3 /* Debug */ = {
			isa = XCBuildConfiguration;
			buildSettings = {
				BUNDLE_LOADER = "$(TEST_HOST)";
				FRAMEWORK_SEARCH_PATHS = (
					"$(SDKROOT)/Developer/Library/Frameworks",
					"$(inherited)",
				);
				GCC_PREPROCESSOR_DEFINITIONS = (
					"DEBUG=1",
					"$(inherited)",
				);
				INFOPLIST_FILE = "alarm-remote-iosTests/Info.plist";
				LD_RUNPATH_SEARCH_PATHS = "$(inherited) @executable_path/Frameworks @loader_path/Frameworks";
				PRODUCT_NAME = "$(TARGET_NAME)";
				TEST_HOST = "$(BUILT_PRODUCTS_DIR)/alarm-remote-ios.app/alarm-remote-ios";
			};
			name = Debug;
		};
		9621A64D1ADE6AE2007BEEB3 /* Release */ = {
			isa = XCBuildConfiguration;
			buildSettings = {
				BUNDLE_LOADER = "$(TEST_HOST)";
				FRAMEWORK_SEARCH_PATHS = (
					"$(SDKROOT)/Developer/Library/Frameworks",
					"$(inherited)",
				);
				INFOPLIST_FILE = "alarm-remote-iosTests/Info.plist";
				LD_RUNPATH_SEARCH_PATHS = "$(inherited) @executable_path/Frameworks @loader_path/Frameworks";
				PRODUCT_NAME = "$(TARGET_NAME)";
				TEST_HOST = "$(BUILT_PRODUCTS_DIR)/alarm-remote-ios.app/alarm-remote-ios";
			};
			name = Release;
		};
/* End XCBuildConfiguration section */

/* Begin XCConfigurationList section */
		9621A6241ADE6AE2007BEEB3 /* Build configuration list for PBXProject "alarm-remote-ios" */ = {
			isa = XCConfigurationList;
			buildConfigurations = (
				9621A6461ADE6AE2007BEEB3 /* Debug */,
				9621A6471ADE6AE2007BEEB3 /* Release */,
			);
			defaultConfigurationIsVisible = 0;
			defaultConfigurationName = Release;
		};
		9621A6481ADE6AE2007BEEB3 /* Build configuration list for PBXNativeTarget "alarm-remote-ios" */ = {
			isa = XCConfigurationList;
			buildConfigurations = (
				9621A6491ADE6AE2007BEEB3 /* Debug */,
				9621A64A1ADE6AE2007BEEB3 /* Release */,
			);
			defaultConfigurationIsVisible = 0;
			defaultConfigurationName = Release;
		};
		9621A64B1ADE6AE2007BEEB3 /* Build configuration list for PBXNativeTarget "alarm-remote-iosTests" */ = {
			isa = XCConfigurationList;
			buildConfigurations = (
				9621A64C1ADE6AE2007BEEB3 /* Debug */,
				9621A64D1ADE6AE2007BEEB3 /* Release */,
			);
			defaultConfigurationIsVisible = 0;
			defaultConfigurationName = Release;
		};
/* End XCConfigurationList section */
	};
	rootObject = 9621A6211ADE6AE2007BEEB3 /* Project object */;
}
